
Microsoft Visual Studio Solution File, Format Version 12.00
# Visual Studio Version 17
VisualStudioVersion = 17.0.31903.59
MinimumVisualStudioVersion = 10.0.40219.1
Project("{FAE04EC0-301F-11D3-BF4B-00C04F79EFBC}") = "CreditCardStatement.Api", "CreditCardStatement.Api\CreditCardStatement.Api.csproj", "{D1D3BDB3-2D5C-47BA-B818-27FC05382AFC}"
EndProject
Project("{FAE04EC0-301F-11D3-BF4B-00C04F79EFBC}") = "CreditCardStatement.Mvc", "CreditCardStatement.Mvc\CreditCardStatement.Mvc.csproj", "{36892C99-6A05-4F32-9552-E995C4692180}"
EndProject
Project("{FAE04EC0-301F-11D3-BF4B-00C04F79EFBC}") = "CreditCardStatement.Core", "CreditCardStatement.Core\CreditCardStatement.Core.csproj", "{95171761-2151-4F16-A624-2C96CD7E05D4}"
EndProject
Global
	GlobalSection(SolutionConfigurationPlatforms) = preSolution
		Debug|Any CPU = Debug|Any CPU
		Release|Any CPU = Release|Any CPU
	EndGlobalSection
	GlobalSection(SolutionProperties) = preSolution
		HideSolutionNode = FALSE
	EndGlobalSection
	GlobalSection(ProjectConfigurationPlatforms) = postSolution
		{D1D3BDB3-2D5C-47BA-B818-27FC05382AFC}.Debug|Any CPU.ActiveCfg = Debug|Any CPU
		{D1D3BDB3-2D5C-47BA-B818-27FC05382AFC}.Debug|Any CPU.Build.0 = Debug|Any CPU
		{D1D3BDB3-2D5C-47BA-B818-27FC05382AFC}.Release|Any CPU.ActiveCfg = Release|Any CPU
		{D1D3BDB3-2D5C-47BA-B818-27FC05382AFC}.Release|Any CPU.Build.0 = Release|Any CPU
		{36892C99-6A05-4F32-9552-E995C4692180}.Debug|Any CPU.ActiveCfg = Debug|Any CPU
		{36892C99-6A05-4F32-9552-E995C4692180}.Debug|Any CPU.Build.0 = Debug|Any CPU
		{36892C99-6A05-4F32-9552-E995C4692180}.Release|Any CPU.ActiveCfg = Release|Any CPU
		{36892C99-6A05-4F32-9552-E995C4692180}.Release|Any CPU.Build.0 = Release|Any CPU
		{95171761-2151-4F16-A624-2C96CD7E05D4}.Debug|Any CPU.ActiveCfg = Debug|Any CPU
		{95171761-2151-4F16-A624-2C96CD7E05D4}.Debug|Any CPU.Build.0 = Debug|Any CPU
		{95171761-2151-4F16-A624-2C96CD7E05D4}.Release|Any CPU.ActiveCfg = Release|Any CPU
		{95171761-2151-4F16-A624-2C96CD7E05D4}.Release|Any CPU.Build.0 = Release|Any CPU
	EndGlobalSection
EndGlobal
